# This file is automatically @generated by Cargo.
# It is not intended for manual editing.
version = 3

[[package]]
name = "client"
version = "0.1.0"

[[package]]
name = "rusty_socket_client"
version = "0.1.0"

[[package]]
name = "rusty_socket_core"
version = "0.1.0"

[[package]]
name = "rusty_socket_server"
version = "0.1.0"

[[package]]
name = "server"
version = "0.1.0"
